
Microsoft Visual Studio Solution File, Format Version 12.00
# Visual Studio Version 16
VisualStudioVersion = 16.0.30413.136
MinimumVisualStudioVersion = 10.0.40219.1
Project("{FAE04EC0-301F-11D3-BF4B-00C04F79EFBC}") = "Product", "Product\Product.csproj", "{987A0038-5C64-4220-997E-CE80FBF084AA}"
EndProject
Global
	GlobalSection(SolutionConfigurationPlatforms) = preSolution
		Debug|Any CPU = Debug|Any CPU
		Release|Any CPU = Release|Any CPU
	EndGlobalSection
	GlobalSection(ProjectConfigurationPlatforms) = postSolution
		{987A0038-5C64-4220-997E-CE80FBF084AA}.Debug|Any CPU.ActiveCfg = Debug|Any CPU
		{987A0038-5C64-4220-997E-CE80FBF084AA}.Debug|Any CPU.Build.0 = Debug|Any CPU
		{987A0038-5C64-4220-997E-CE80FBF084AA}.Release|Any CPU.ActiveCfg = Release|Any CPU
		{987A0038-5C64-4220-997E-CE80FBF084AA}.Release|Any CPU.Build.0 = Release|Any CPU
	EndGlobalSection
	GlobalSection(SolutionProperties) = preSolution
		HideSolutionNode = FALSE
	EndGlobalSection
	GlobalSection(ExtensibilityGlobals) = postSolution
		SolutionGuid = {62BFC25E-AD17-4965-A707-9164AC7378C0}
	EndGlobalSection
EndGlobal
